
Microsoft Visual Studio Solution File, Format Version 12.00
Project("{FAE04EC0-301F-11D3-BF4B-00C04F79EFBC}") = "NoAIgniteTask", "NoAIgniteTask\NoAIgniteTask.csproj", "{84AC6FE7-A621-4495-9764-540D56CCF38B}"
EndProject
Project("{FAE04EC0-301F-11D3-BF4B-00C04F79EFBC}") = "NoAIgniteTests", "NoAIgniteTests\NoAIgniteTests.csproj", "{BE102E2E-BE5E-4A84-BD7D-299DB09A761B}"
EndProject
Global
	GlobalSection(SolutionConfigurationPlatforms) = preSolution
		Debug|Any CPU = Debug|Any CPU
		Release|Any CPU = Release|Any CPU
	EndGlobalSection
	GlobalSection(ProjectConfigurationPlatforms) = postSolution
		{84AC6FE7-A621-4495-9764-540D56CCF38B}.Debug|Any CPU.ActiveCfg = Debug|Any CPU
		{84AC6FE7-A621-4495-9764-540D56CCF38B}.Debug|Any CPU.Build.0 = Debug|Any CPU
		{84AC6FE7-A621-4495-9764-540D56CCF38B}.Release|Any CPU.ActiveCfg = Release|Any CPU
		{84AC6FE7-A621-4495-9764-540D56CCF38B}.Release|Any CPU.Build.0 = Release|Any CPU
		{BE102E2E-BE5E-4A84-BD7D-299DB09A761B}.Debug|Any CPU.ActiveCfg = Debug|Any CPU
		{BE102E2E-BE5E-4A84-BD7D-299DB09A761B}.Debug|Any CPU.Build.0 = Debug|Any CPU
		{BE102E2E-BE5E-4A84-BD7D-299DB09A761B}.Release|Any CPU.ActiveCfg = Release|Any CPU
		{BE102E2E-BE5E-4A84-BD7D-299DB09A761B}.Release|Any CPU.Build.0 = Release|Any CPU
	EndGlobalSection
EndGlobal
